
Microsoft Visual Studio Solution File, Format Version 11.00
# Visual Studio 2010
Project("{FAE04EC0-301F-11D3-BF4B-00C04F79EFBC}") = "WindowsFormsApplication3", "WindowsFormsApplication3\WindowsFormsApplication3.csproj", "{32973788-871A-4D32-B54E-0F4C4E6C6ACF}"
EndProject
Global
	GlobalSection(SolutionConfigurationPlatforms) = preSolution
		Debug|Any CPU = Debug|Any CPU
		Release|Any CPU = Release|Any CPU
	EndGlobalSection
	GlobalSection(ProjectConfigurationPlatforms) = postSolution
		{32973788-871A-4D32-B54E-0F4C4E6C6ACF}.Debug|Any CPU.ActiveCfg = Debug|Any CPU
		{32973788-871A-4D32-B54E-0F4C4E6C6ACF}.Debug|Any CPU.Build.0 = Debug|Any CPU
		{32973788-871A-4D32-B54E-0F4C4E6C6ACF}.Release|Any CPU.ActiveCfg = Release|Any CPU
		{32973788-871A-4D32-B54E-0F4C4E6C6ACF}.Release|Any CPU.Build.0 = Release|Any CPU
	EndGlobalSection
	GlobalSection(SolutionProperties) = preSolution
		HideSolutionNode = FALSE
	EndGlobalSection
EndGlobal
